
Microsoft Visual Studio Solution File, Format Version 12.00
# Visual Studio Version 16
VisualStudioVersion = 16.0.29424.173
MinimumVisualStudioVersion = 10.0.40219.1
Project("{FAE04EC0-301F-11D3-BF4B-00C04F79EFBC}") = "SaasProductsImport", "SaasProductsImport\SaasProductsImport.csproj", "{2BB2B2CA-E0B5-404E-8ABE-E6298346A6F7}"
EndProject
Global
	GlobalSection(SolutionConfigurationPlatforms) = preSolution
		Debug|Any CPU = Debug|Any CPU
		Release|Any CPU = Release|Any CPU
	EndGlobalSection
	GlobalSection(ProjectConfigurationPlatforms) = postSolution
		{2BB2B2CA-E0B5-404E-8ABE-E6298346A6F7}.Debug|Any CPU.ActiveCfg = Debug|Any CPU
		{2BB2B2CA-E0B5-404E-8ABE-E6298346A6F7}.Debug|Any CPU.Build.0 = Debug|Any CPU
		{2BB2B2CA-E0B5-404E-8ABE-E6298346A6F7}.Release|Any CPU.ActiveCfg = Release|Any CPU
		{2BB2B2CA-E0B5-404E-8ABE-E6298346A6F7}.Release|Any CPU.Build.0 = Release|Any CPU
	EndGlobalSection
	GlobalSection(SolutionProperties) = preSolution
		HideSolutionNode = FALSE
	EndGlobalSection
	GlobalSection(ExtensibilityGlobals) = postSolution
		SolutionGuid = {92868ED9-0E33-4393-9D7C-645BCBA36472}
	EndGlobalSection
EndGlobal
